
Microsoft Visual Studio Solution File, Format Version 12.00
# Visual Studio 14
VisualStudioVersion = 14.0.25420.1
MinimumVisualStudioVersion = 10.0.40219.1
Project("{FAE04EC0-301F-11D3-BF4B-00C04F79EFBC}") = "PokeApi", "PokeApi\PokeApi.csproj", "{3D3CEF24-F194-44BC-937E-ED06AB6ABE20}"
EndProject
Global
	GlobalSection(SolutionConfigurationPlatforms) = preSolution
		Debug|Any CPU = Debug|Any CPU
		Release|Any CPU = Release|Any CPU
	EndGlobalSection
	GlobalSection(ProjectConfigurationPlatforms) = postSolution
		{3D3CEF24-F194-44BC-937E-ED06AB6ABE20}.Debug|Any CPU.ActiveCfg = Debug|Any CPU
		{3D3CEF24-F194-44BC-937E-ED06AB6ABE20}.Debug|Any CPU.Build.0 = Debug|Any CPU
		{3D3CEF24-F194-44BC-937E-ED06AB6ABE20}.Release|Any CPU.ActiveCfg = Release|Any CPU
		{3D3CEF24-F194-44BC-937E-ED06AB6ABE20}.Release|Any CPU.Build.0 = Release|Any CPU
	EndGlobalSection
	GlobalSection(SolutionProperties) = preSolution
		HideSolutionNode = FALSE
	EndGlobalSection
EndGlobal
